{
  "name": "web-blog",
  "version": "1.0.0",
  "lockfileVersion": 1,
  "requires": true,
  "dependencies": {
    "@babel/runtime": {
      "version": "7.28.2",
      "resolved": "https://registry.npmjs.org/@babel/runtime/-/runtime-7.28.2.tgz",
      "integrity": "sha512-KHp2IflsnGywDjBWDkR9iEqiWSpc8GIi0lgTT3mOElT0PP1tG26P4tmFI2YvAdzgq9RGyoHZQEIEdZy6Ec5xCA=="
    },
    "@mui/icons-material": {
      "version": "7.3.1",
      "resolved": "https://registry.npmjs.org/@mui/icons-material/-/icons-material-7.3.1.tgz",
      "integrity": "sha512-upzCtG6awpL6noEZlJ5Z01khZ9VnLNLaj7tb6iPbN6G97eYfUTs8e9OyPKy3rEms3VQWmVBfri7jzeaRxdFIzA==",
      "requires": {
        "@babel/runtime": "^7.28.2"
      }
    }
  }
}
